#MicroXplorer Configuration settings - do not modify
ADC1.Channel-0\#ChannelRegularConversion=ADC_CHANNEL_0
ADC1.Channel-1\#ChannelRegularConversion=ADC_CHANNEL_1
ADC1.Channel-2\#ChannelRegularConversion=ADC_CHANNEL_2
ADC1.ContinuousConvMode=DISABLE
ADC1.DMAContinuousRequests=ENABLE
ADC1.DiscontinuousConvMode=DISABLE
ADC1.EOCSelection=ADC_EOC_SEQ_CONV
ADC1.EnableAnalogWatchDog=false
ADC1.ExternalTrigConv=ADC_EXTERNALTRIGCONV_T2_CC2
ADC1.ExternalTrigConvEdge=ADC_EXTERNALTRIGCONVEDGE_RISINGFALLING
ADC1.IPParameters=Rank-0\#ChannelRegularConversion,master,Channel-0\#ChannelRegularConversion,SamplingTime-0\#ChannelRegularConversion,NbrOfConversionFlag,EOCSelection,ScanConvMode,DiscontinuousConvMode,Rank-1\#ChannelRegularConversion,Channel-1\#ChannelRegularConversion,SamplingTime-1\#ChannelRegularConversion,Rank-2\#ChannelRegularConversion,Channel-2\#ChannelRegularConversion,SamplingTime-2\#ChannelRegularConversion,NbrOfConversion,ExternalTrigConv,ContinuousConvMode,InjNumberOfConversion,EnableAnalogWatchDog,DMAContinuousRequests,ExternalTrigConvEdge
ADC1.InjNumberOfConversion=0
ADC1.NbrOfConversion=3
ADC1.NbrOfConversionFlag=1
ADC1.Rank-0\#ChannelRegularConversion=1
ADC1.Rank-1\#ChannelRegularConversion=2
ADC1.Rank-2\#ChannelRegularConversion=3
ADC1.SamplingTime-0\#ChannelRegularConversion=ADC_SAMPLETIME_3CYCLES
ADC1.SamplingTime-1\#ChannelRegularConversion=ADC_SAMPLETIME_3CYCLES
ADC1.SamplingTime-2\#ChannelRegularConversion=ADC_SAMPLETIME_3CYCLES
ADC1.ScanConvMode=ENABLE
ADC1.master=1
ADC2.Channel-4\#ChannelRegularConversion=ADC_CHANNEL_7
ADC2.Channel-5\#ChannelRegularConversion=ADC_CHANNEL_6
ADC2.Channel-6\#ChannelRegularConversion=ADC_CHANNEL_9
ADC2.Channel-7\#ChannelInjectedConversion=ADC_CHANNEL_8
ADC2.DMAContinuousRequests=ENABLE
ADC2.EOCSelection=ADC_EOC_SEQ_CONV
ADC2.ExternalTrigConv=ADC_EXTERNALTRIGCONV_T2_CC2
ADC2.ExternalTrigConvEdge=ADC_EXTERNALTRIGCONVEDGE_RISINGFALLING
ADC2.IPParameters=Rank-4\#ChannelRegularConversion,Channel-4\#ChannelRegularConversion,SamplingTime-4\#ChannelRegularConversion,NbrOfConversionFlag,ScanConvMode,EOCSelection,Rank-5\#ChannelRegularConversion,Channel-5\#ChannelRegularConversion,SamplingTime-5\#ChannelRegularConversion,Rank-6\#ChannelRegularConversion,Channel-6\#ChannelRegularConversion,SamplingTime-6\#ChannelRegularConversion,NbrOfConversion,ExternalTrigConv,DMAContinuousRequests,ExternalTrigConvEdge,InjectedRank-7\#ChannelInjectedConversion,Channel-7\#ChannelInjectedConversion,SamplingTime-7\#ChannelInjectedConversion,InjectedOffset-7\#ChannelInjectedConversion,InjNumberOfConversion
ADC2.InjNumberOfConversion=1
ADC2.InjectedOffset-7\#ChannelInjectedConversion=0
ADC2.InjectedRank-7\#ChannelInjectedConversion=1
ADC2.NbrOfConversion=3
ADC2.NbrOfConversionFlag=1
ADC2.Rank-4\#ChannelRegularConversion=1
ADC2.Rank-5\#ChannelRegularConversion=2
ADC2.Rank-6\#ChannelRegularConversion=3
ADC2.SamplingTime-4\#ChannelRegularConversion=ADC_SAMPLETIME_3CYCLES
ADC2.SamplingTime-5\#ChannelRegularConversion=ADC_SAMPLETIME_3CYCLES
ADC2.SamplingTime-6\#ChannelRegularConversion=ADC_SAMPLETIME_3CYCLES
ADC2.SamplingTime-7\#ChannelInjectedConversion=ADC_SAMPLETIME_3CYCLES
ADC2.ScanConvMode=ENABLE
ADC3.Channel-0\#ChannelRegularConversion=ADC_CHANNEL_3
ADC3.IPParameters=Rank-0\#ChannelRegularConversion,Channel-0\#ChannelRegularConversion,SamplingTime-0\#ChannelRegularConversion,NbrOfConversionFlag
ADC3.NbrOfConversionFlag=1
ADC3.Rank-0\#ChannelRegularConversion=1
ADC3.SamplingTime-0\#ChannelRegularConversion=ADC_SAMPLETIME_3CYCLES
CAD.formats=
CAD.pinconfig=
CAD.provider=
DAC.DAC_Trigger=DAC_TRIGGER_NONE
DAC.IPParameters=DAC_Trigger
Dma.ADC1.0.Direction=DMA_PERIPH_TO_MEMORY
Dma.ADC1.0.FIFOMode=DMA_FIFOMODE_DISABLE
Dma.ADC1.0.Instance=DMA2_Stream0
Dma.ADC1.0.MemDataAlignment=DMA_MDATAALIGN_HALFWORD
Dma.ADC1.0.MemInc=DMA_MINC_ENABLE
Dma.ADC1.0.Mode=DMA_CIRCULAR
Dma.ADC1.0.PeriphDataAlignment=DMA_PDATAALIGN_HALFWORD
Dma.ADC1.0.PeriphInc=DMA_PINC_DISABLE
Dma.ADC1.0.Priority=DMA_PRIORITY_HIGH
Dma.ADC1.0.RequestParameters=Instance,Direction,PeriphInc,MemInc,PeriphDataAlignment,MemDataAlignment,Mode,Priority,FIFOMode
Dma.ADC2.1.Direction=DMA_PERIPH_TO_MEMORY
Dma.ADC2.1.FIFOMode=DMA_FIFOMODE_DISABLE
Dma.ADC2.1.Instance=DMA2_Stream2
Dma.ADC2.1.MemDataAlignment=DMA_MDATAALIGN_HALFWORD
Dma.ADC2.1.MemInc=DMA_MINC_ENABLE
Dma.ADC2.1.Mode=DMA_CIRCULAR
Dma.ADC2.1.PeriphDataAlignment=DMA_PDATAALIGN_HALFWORD
Dma.ADC2.1.PeriphInc=DMA_PINC_DISABLE
Dma.ADC2.1.Priority=DMA_PRIORITY_HIGH
Dma.ADC2.1.RequestParameters=Instance,Direction,PeriphInc,MemInc,PeriphDataAlignment,MemDataAlignment,Mode,Priority,FIFOMode
Dma.ADC3.2.Direction=DMA_PERIPH_TO_MEMORY
Dma.ADC3.2.FIFOMode=DMA_FIFOMODE_DISABLE
Dma.ADC3.2.Instance=DMA2_Stream1
Dma.ADC3.2.MemDataAlignment=DMA_MDATAALIGN_HALFWORD
Dma.ADC3.2.MemInc=DMA_MINC_ENABLE
Dma.ADC3.2.Mode=DMA_NORMAL
Dma.ADC3.2.PeriphDataAlignment=DMA_PDATAALIGN_HALFWORD
Dma.ADC3.2.PeriphInc=DMA_PINC_DISABLE
Dma.ADC3.2.Priority=DMA_PRIORITY_VERY_HIGH
Dma.ADC3.2.RequestParameters=Instance,Direction,PeriphInc,MemInc,PeriphDataAlignment,MemDataAlignment,Mode,Priority,FIFOMode
Dma.Request0=ADC1
Dma.Request1=ADC2
Dma.Request2=ADC3
Dma.Request3=USART3_TX
Dma.RequestsNb=4
Dma.USART3_TX.3.Direction=DMA_MEMORY_TO_PERIPH
Dma.USART3_TX.3.FIFOMode=DMA_FIFOMODE_DISABLE
Dma.USART3_TX.3.Instance=DMA1_Stream3
Dma.USART3_TX.3.MemDataAlignment=DMA_MDATAALIGN_BYTE
Dma.USART3_TX.3.MemInc=DMA_MINC_ENABLE
Dma.USART3_TX.3.Mode=DMA_NORMAL
Dma.USART3_TX.3.PeriphDataAlignment=DMA_PDATAALIGN_BYTE
Dma.USART3_TX.3.PeriphInc=DMA_PINC_DISABLE
Dma.USART3_TX.3.Priority=DMA_PRIORITY_MEDIUM
Dma.USART3_TX.3.RequestParameters=Instance,Direction,PeriphInc,MemInc,PeriphDataAlignment,MemDataAlignment,Mode,Priority,FIFOMode
File.Version=6
GPIO.groupedBy=Show All
KeepUserPlacement=false
Mcu.CPN=STM32F446ZEH6
Mcu.Family=STM32F4
Mcu.IP0=ADC1
Mcu.IP1=ADC2
Mcu.IP10=TIM2
Mcu.IP11=TIM3
Mcu.IP12=TIM4
Mcu.IP13=USART3
Mcu.IP2=ADC3
Mcu.IP3=DAC
Mcu.IP4=DMA
Mcu.IP5=NVIC
Mcu.IP6=RCC
Mcu.IP7=SPI1
Mcu.IP8=SYS
Mcu.IP9=TIM1
Mcu.IPNb=14
Mcu.Name=STM32F446Z(C-E)Hx
Mcu.Package=UFBGA144
Mcu.Pin0=PC13
Mcu.Pin1=PB4
Mcu.Pin10=PG9
Mcu.Pin11=PF6
Mcu.Pin12=PC8
Mcu.Pin13=PF8
Mcu.Pin14=PC6
Mcu.Pin15=PA0-WKUP
Mcu.Pin16=PA4
Mcu.Pin17=PB2
Mcu.Pin18=PE10
Mcu.Pin19=PE12
Mcu.Pin2=PA15
Mcu.Pin20=PA1
Mcu.Pin21=PA5
Mcu.Pin22=PF13
Mcu.Pin23=PG0
Mcu.Pin24=PE9
Mcu.Pin25=PD9
Mcu.Pin26=PD14
Mcu.Pin27=PD15
Mcu.Pin28=PA2
Mcu.Pin29=PA6
Mcu.Pin3=PB9
Mcu.Pin30=PB0
Mcu.Pin31=PF12
Mcu.Pin32=PF15
Mcu.Pin33=PE8
Mcu.Pin34=PD8
Mcu.Pin35=PB14
Mcu.Pin36=PA3
Mcu.Pin37=PA7
Mcu.Pin38=PB1
Mcu.Pin39=PB10
Mcu.Pin4=PB5
Mcu.Pin40=VP_SYS_VS_Systick
Mcu.Pin41=VP_TIM2_VS_ControllerModeClock
Mcu.Pin42=VP_TIM2_VS_ClockSourceITR
Mcu.Pin43=VP_TIM3_VS_ControllerModeTrigger
Mcu.Pin44=VP_TIM3_VS_ClockSourceITR
Mcu.Pin45=VP_TIM3_VS_no_output1
Mcu.Pin5=PB6
Mcu.Pin6=PG14
Mcu.Pin7=PB7
Mcu.Pin8=PA10
Mcu.Pin9=PA9
Mcu.PinsNb=46
Mcu.ThirdPartyNb=0
Mcu.UserConstants=
Mcu.UserName=STM32F446ZEHx
MxCube.Version=6.15.0
MxDb.Version=DB.6.0.150
NVIC.ADC_IRQn=true\:0\:0\:false\:false\:true\:true\:true\:true
NVIC.BusFault_IRQn=true\:0\:0\:false\:false\:true\:false\:false\:false
NVIC.DMA1_Stream3_IRQn=true\:0\:0\:false\:false\:true\:false\:true\:true
NVIC.DMA2_Stream0_IRQn=true\:0\:0\:false\:false\:true\:false\:true\:true
NVIC.DMA2_Stream1_IRQn=true\:0\:0\:false\:false\:true\:false\:true\:true
NVIC.DMA2_Stream2_IRQn=true\:0\:0\:false\:false\:true\:false\:true\:true
NVIC.DebugMonitor_IRQn=true\:0\:0\:false\:false\:true\:false\:false\:false
NVIC.ForceEnableDMAVector=true
NVIC.HardFault_IRQn=true\:0\:0\:false\:false\:true\:false\:false\:false
NVIC.MemoryManagement_IRQn=true\:0\:0\:false\:false\:true\:false\:false\:false
NVIC.NonMaskableInt_IRQn=true\:0\:0\:false\:false\:true\:false\:false\:false
NVIC.PendSV_IRQn=true\:0\:0\:false\:false\:true\:false\:false\:false
NVIC.PriorityGroup=NVIC_PRIORITYGROUP_4
NVIC.SVCall_IRQn=true\:0\:0\:false\:false\:true\:false\:false\:false
NVIC.SysTick_IRQn=true\:15\:0\:false\:false\:true\:false\:true\:false
NVIC.TIM2_IRQn=true\:0\:0\:false\:false\:true\:true\:true\:true
NVIC.USART3_IRQn=true\:0\:0\:false\:false\:true\:true\:true\:true
NVIC.UsageFault_IRQn=true\:0\:0\:false\:false\:true\:false\:false\:false
PA0-WKUP.GPIOParameters=GPIO_Label
PA0-WKUP.GPIO_Label=ADC_Pot1
PA0-WKUP.Signal=ADCx_IN0
PA1.GPIOParameters=GPIO_Label
PA1.GPIO_Label=ADC_Pot2
PA1.Signal=ADCx_IN1
PA10.GPIOParameters=GPIO_Label
PA10.GPIO_Label=Clutch3_PWM_A
PA10.Signal=S_TIM1_CH3
PA15.GPIOParameters=GPIO_Label
PA15.GPIO_Label=PWM_Trigger
PA15.Signal=S_TIM2_CH1_ETR
PA2.GPIOParameters=GPIO_Label
PA2.GPIO_Label=ADC_Pot3
PA2.Signal=ADCx_IN2
PA3.GPIOParameters=GPIO_Label
PA3.GPIO_Label=ADC_Motor_Speed
PA3.Signal=ADCx_IN3
PA4.Signal=COMP_DAC1_group
PA5.Locked=true
PA5.Mode=Full_Duplex_Master
PA5.Signal=SPI1_SCK
PA6.GPIOParameters=GPIO_Label
PA6.GPIO_Label=ADC_Temp2
PA6.Locked=true
PA6.Signal=ADCx_IN6
PA7.GPIOParameters=GPIO_Label
PA7.GPIO_Label=ADC_Temp1
PA7.Signal=ADCx_IN7
PA9.GPIOParameters=GPIO_Label
PA9.GPIO_Label=Clutch2_PWM_A
PA9.Signal=S_TIM1_CH2
PB0.GPIOParameters=GPIO_Label
PB0.GPIO_Label=ADC_Current2
PB0.Locked=true
PB0.Signal=ADCx_IN8
PB1.GPIOParameters=GPIO_Label
PB1.GPIO_Label=ADC_Temp3
PB1.Signal=ADCx_IN9
PB10.GPIOParameters=GPIO_Label
PB10.GPIO_Label=ADC_Trigger2
PB10.Locked=true
PB10.Signal=S_TIM2_CH3
PB14.GPIOParameters=GPIO_Label
PB14.GPIO_Label=LED_Debug_Error
PB14.Locked=true
PB14.Signal=GPIO_Output
PB2.GPIOParameters=GPIO_Label
PB2.GPIO_Label=ADC_Trigger3
PB2.Signal=S_TIM2_CH4
PB4.Mode=Full_Duplex_Master
PB4.Signal=SPI1_MISO
PB5.GPIOParameters=GPIO_Label
PB5.GPIO_Label=Encoder_Data
PB5.Mode=Full_Duplex_Master
PB5.Signal=SPI1_MOSI
PB6.GPIOParameters=GPIO_Label
PB6.GPIO_Label=Motor_PWM
PB6.Locked=true
PB6.Signal=S_TIM4_CH1
PB7.GPIOParameters=GPIO_Label
PB7.GPIO_Label=LED_Debug_Run
PB7.Locked=true
PB7.Signal=GPIO_Output
PB9.GPIOParameters=GPIO_Label
PB9.GPIO_Label=ADC_Trigger1
PB9.Signal=S_TIM2_CH2
PC13.GPIOParameters=GPIO_PuPd,GPIO_Label
PC13.GPIO_Label=DEBUG_BUTTON
PC13.GPIO_PuPd=GPIO_PULLDOWN
PC13.Locked=true
PC13.Signal=GPIO_Input
PC6.GPIOParameters=GPIO_Label
PC6.GPIO_Label=Motor_Error
PC6.Locked=true
PC6.Signal=GPIO_Input
PC8.GPIOParameters=GPIO_Label
PC8.GPIO_Label=Motor_Enable
PC8.Locked=true
PC8.Signal=GPIO_Output
PD14.GPIOParameters=GPIO_Label
PD14.GPIO_Label=Encoder_CS_1
PD14.Locked=true
PD14.Signal=GPIO_Output
PD15.GPIOParameters=GPIO_Label
PD15.GPIO_Label=Encoder_CS_2
PD15.Locked=true
PD15.Signal=GPIO_Output
PD8.Locked=true
PD8.Mode=Asynchronous
PD8.Signal=USART3_TX
PD9.Locked=true
PD9.Mode=Asynchronous
PD9.Signal=USART3_RX
PE10.GPIOParameters=GPIO_Label
PE10.GPIO_Label=Clutch_2_PWM_B
PE10.Locked=true
PE10.Signal=GPIO_Output
PE12.GPIOParameters=GPIO_Label
PE12.GPIO_Label=Clutch_3_PWM_B
PE12.Locked=true
PE12.Signal=GPIO_Output
PE8.GPIOParameters=GPIO_Label
PE8.GPIO_Label=Clutch_1_PWM_B
PE8.Locked=true
PE8.Signal=GPIO_Output
PE9.GPIOParameters=GPIO_Label
PE9.GPIO_Label=Clutch1_PWM_A
PE9.Locked=true
PE9.Signal=S_TIM1_CH1
PF12.GPIOParameters=GPIO_Label
PF12.GPIO_Label=Encoder_CS_3
PF12.Locked=true
PF12.Signal=GPIO_Output
PF13.Locked=true
PF13.Signal=GPIO_Output
PF15.GPIOParameters=GPIO_PuPd,GPIO_Label
PF15.GPIO_Label=Button_Software_Run
PF15.GPIO_PuPd=GPIO_PULLUP
PF15.Locked=true
PF15.Signal=GPIO_Input
PF6.GPIOParameters=GPIO_Label
PF6.GPIO_Label=ADC_Current1
PF6.Mode=IN4
PF6.Signal=ADC3_IN4
PF8.GPIOParameters=GPIO_Label
PF8.GPIO_Label=ADC_Current3
PF8.Locked=true
PF8.Mode=IN6
PF8.Signal=ADC3_IN6
PG0.GPIOParameters=GPIO_Label
PG0.GPIO_Label=DEBUG_PIN
PG0.Locked=true
PG0.Signal=GPIO_Output
PG14.GPIOParameters=GPIO_Label
PG14.GPIO_Label=DEL_2
PG14.Locked=true
PG14.Signal=GPIO_Output
PG9.GPIOParameters=GPIO_Label
PG9.GPIO_Label=DEL_1
PG9.Locked=true
PG9.Signal=GPIO_Output
PinOutPanel.CurrentBGAView=Top
PinOutPanel.RotationAngle=0
ProjectManager.AskForMigrate=true
ProjectManager.BackupPrevious=false
ProjectManager.CompilerLinker=GCC
ProjectManager.CompilerOptimize=6
ProjectManager.ComputerToolchain=false
ProjectManager.CoupleFile=false
ProjectManager.CustomerFirmwarePackage=
ProjectManager.DefaultFWLocation=true
ProjectManager.DeletePrevious=true
ProjectManager.DeviceId=STM32F446ZEHx
ProjectManager.FirmwarePackage=STM32Cube FW_F4 V1.28.3
ProjectManager.FreePins=false
ProjectManager.HalAssertFull=false
ProjectManager.HeapSize=0x200
ProjectManager.KeepUserCode=true
ProjectManager.LastFirmware=true
ProjectManager.LibraryCopy=1
ProjectManager.MainLocation=Core/Src
ProjectManager.NoMain=false
ProjectManager.PreviousToolchain=
ProjectManager.ProjectBuild=false
ProjectManager.ProjectFileName=PrometheUS_F446ZE.ioc
ProjectManager.ProjectName=PrometheUS_F446ZE
ProjectManager.ProjectStructure=
ProjectManager.RegisterCallBack=
ProjectManager.StackSize=0x400
ProjectManager.TargetToolchain=STM32CubeIDE
ProjectManager.ToolChainLocation=
ProjectManager.UAScriptAfterPath=
ProjectManager.UAScriptBeforePath=
ProjectManager.UnderRoot=true
ProjectManager.functionlistsort=1-SystemClock_Config-RCC-false-HAL-false,2-MX_GPIO_Init-GPIO-false-HAL-true,3-MX_DMA_Init-DMA-false-HAL-true,4-MX_TIM1_Init-TIM1-false-HAL-true,5-MX_SPI1_Init-SPI1-false-HAL-true,6-MX_TIM3_Init-TIM3-false-HAL-true,7-MX_TIM4_Init-TIM4-false-HAL-true,8-MX_TIM2_Init-TIM2-false-HAL-true,9-MX_ADC1_Init-ADC1-false-HAL-true,10-MX_ADC2_Init-ADC2-false-HAL-true,11-MX_ADC3_Init-ADC3-false-HAL-true,12-MX_DAC_Init-DAC-false-HAL-true,13-MX_USART3_UART_Init-USART3-false-HAL-true
RCC.AHBFreq_Value=80000000
RCC.APB1CLKDivider=RCC_HCLK_DIV2
RCC.APB1Freq_Value=40000000
RCC.APB1TimFreq_Value=80000000
RCC.APB2CLKDivider=RCC_HCLK_DIV2
RCC.APB2Freq_Value=40000000
RCC.APB2TimFreq_Value=80000000
RCC.CECFreq_Value=32786.88524590164
RCC.CortexFreq_Value=80000000
RCC.FCLKCortexFreq_Value=80000000
RCC.FMPI2C1Freq_Value=40000000
RCC.FamilyName=M
RCC.HCLKFreq_Value=80000000
RCC.IPParameters=AHBFreq_Value,APB1CLKDivider,APB1Freq_Value,APB1TimFreq_Value,APB2CLKDivider,APB2Freq_Value,APB2TimFreq_Value,CECFreq_Value,CortexFreq_Value,FCLKCortexFreq_Value,FMPI2C1Freq_Value,FamilyName,HCLKFreq_Value,MCO2PinFreq_Value,PLLCLKFreq_Value,PLLI2SPCLKFreq_Value,PLLI2SQCLKFreq_Value,PLLI2SRCLKFreq_Value,PLLM,PLLN,PLLQCLKFreq_Value,PLLRCLKFreq_Value,PLLSAIPCLKFreq_Value,PLLSAIQCLKFreq_Value,PLLSAIoutputFreq_Value,PWRFreq_Value,SAIAFreq_Value,SAIBFreq_Value,SDIOFreq_Value,SPDIFRXFreq_Value,SYSCLKFreq_VALUE,SYSCLKSource,USBFreq_Value,VCOI2SInputFreq_Value,VCOI2SOutputFreq_Value,VCOInputFreq_Value,VCOOutputFreq_Value,VCOSAIInputFreq_Value,VCOSAIOutputFreq_Value
RCC.MCO2PinFreq_Value=80000000
RCC.PLLCLKFreq_Value=80000000
RCC.PLLI2SPCLKFreq_Value=96000000
RCC.PLLI2SQCLKFreq_Value=96000000
RCC.PLLI2SRCLKFreq_Value=96000000
RCC.PLLM=8
RCC.PLLN=80
RCC.PLLQCLKFreq_Value=80000000
RCC.PLLRCLKFreq_Value=80000000
RCC.PLLSAIPCLKFreq_Value=96000000
RCC.PLLSAIQCLKFreq_Value=96000000
RCC.PLLSAIoutputFreq_Value=96000000
RCC.PWRFreq_Value=80000000
RCC.SAIAFreq_Value=96000000
RCC.SAIBFreq_Value=96000000
RCC.SDIOFreq_Value=80000000
RCC.SPDIFRXFreq_Value=80000000
RCC.SYSCLKFreq_VALUE=80000000
RCC.SYSCLKSource=RCC_SYSCLKSOURCE_PLLCLK
RCC.USBFreq_Value=80000000
RCC.VCOI2SInputFreq_Value=1000000
RCC.VCOI2SOutputFreq_Value=192000000
RCC.VCOInputFreq_Value=2000000
RCC.VCOOutputFreq_Value=160000000
RCC.VCOSAIInputFreq_Value=1000000
RCC.VCOSAIOutputFreq_Value=192000000
SH.ADCx_IN0.0=ADC1_IN0,IN0
SH.ADCx_IN0.ConfNb=1
SH.ADCx_IN1.0=ADC1_IN1,IN1
SH.ADCx_IN1.ConfNb=1
SH.ADCx_IN2.0=ADC1_IN2,IN2
SH.ADCx_IN2.ConfNb=1
SH.ADCx_IN3.0=ADC3_IN3,IN3
SH.ADCx_IN3.ConfNb=1
SH.ADCx_IN6.0=ADC2_IN6,IN6
SH.ADCx_IN6.ConfNb=1
SH.ADCx_IN7.0=ADC2_IN7,IN7
SH.ADCx_IN7.ConfNb=1
SH.ADCx_IN8.0=ADC2_IN8,IN8
SH.ADCx_IN8.ConfNb=1
SH.ADCx_IN9.0=ADC2_IN9,IN9
SH.ADCx_IN9.ConfNb=1
SH.COMP_DAC1_group.0=DAC_OUT1,DAC_OUT1
SH.COMP_DAC1_group.ConfNb=1
SH.S_TIM1_CH1.0=TIM1_CH1,PWM Generation1 CH1
SH.S_TIM1_CH1.ConfNb=1
SH.S_TIM1_CH2.0=TIM1_CH2,PWM Generation2 CH2
SH.S_TIM1_CH2.ConfNb=1
SH.S_TIM1_CH3.0=TIM1_CH3,PWM Generation3 CH3
SH.S_TIM1_CH3.ConfNb=1
SH.S_TIM2_CH1_ETR.0=TIM2_CH1,Output Compare1 CH1
SH.S_TIM2_CH1_ETR.ConfNb=1
SH.S_TIM2_CH2.0=TIM2_CH2,Output Compare2 CH2
SH.S_TIM2_CH2.ConfNb=1
SH.S_TIM2_CH3.0=TIM2_CH3,Output Compare3 CH3
SH.S_TIM2_CH3.ConfNb=1
SH.S_TIM2_CH4.0=TIM2_CH4,Output Compare4 CH4
SH.S_TIM2_CH4.ConfNb=1
SH.S_TIM4_CH1.0=TIM4_CH1,PWM Generation1 CH1
SH.S_TIM4_CH1.ConfNb=1
SPI1.BaudRatePrescaler=SPI_BAUDRATEPRESCALER_64
SPI1.CalculateBaudRate=625.0 KBits/s
SPI1.DataSize=SPI_DATASIZE_16BIT
SPI1.Direction=SPI_DIRECTION_2LINES
SPI1.IPParameters=VirtualType,Mode,Direction,CalculateBaudRate,DataSize,BaudRatePrescaler
SPI1.Mode=SPI_MODE_MASTER
SPI1.VirtualType=VM_MASTER
TIM1.Channel-PWM\ Generation1\ CH1=TIM_CHANNEL_1
TIM1.Channel-PWM\ Generation2\ CH2=TIM_CHANNEL_2
TIM1.Channel-PWM\ Generation3\ CH3=TIM_CHANNEL_3
TIM1.CounterMode=TIM_COUNTERMODE_CENTERALIGNED1
TIM1.IPParameters=Period,CounterMode,TIM_MasterOutputTrigger,Prescaler,OffStateRunMode,OffStateIDLEMode,OCPolarity_3,OCPolarity_2,Channel-PWM Generation1 CH1,Channel-PWM Generation2 CH2,Channel-PWM Generation3 CH3
TIM1.OCPolarity_2=TIM_OCPOLARITY_HIGH
TIM1.OCPolarity_3=TIM_OCPOLARITY_HIGH
TIM1.OffStateIDLEMode=TIM_OSSI_ENABLE
TIM1.OffStateRunMode=TIM_OSSR_ENABLE
TIM1.Period=1000-1
TIM1.Prescaler=4-1
TIM1.TIM_MasterOutputTrigger=TIM_TRGO_UPDATE
TIM2.Channel-Output\ Compare1\ CH1=TIM_CHANNEL_1
TIM2.Channel-Output\ Compare2\ CH2=TIM_CHANNEL_2
TIM2.Channel-Output\ Compare3\ CH3=TIM_CHANNEL_3
TIM2.Channel-Output\ Compare4\ CH4=TIM_CHANNEL_4
TIM2.CounterMode=TIM_COUNTERMODE_UP
TIM2.IPParameters=Prescaler,CounterMode,Period,OCMode_2,Channel-Output Compare2 CH2,Channel-Output Compare3 CH3,Channel-Output Compare4 CH4,OCMode_3,OCMode_4,Pulse-Output Compare4 CH4,Pulse-Output Compare3 CH3,Channel-Output Compare1 CH1,OCMode_1,Pulse-Output Compare1 CH1
TIM2.OCMode_1=TIM_OCMODE_TOGGLE
TIM2.OCMode_2=TIM_OCMODE_TOGGLE
TIM2.OCMode_3=TIM_OCMODE_TOGGLE
TIM2.OCMode_4=TIM_OCMODE_TOGGLE
TIM2.Period=10-1
TIM2.Prescaler=0
TIM2.Pulse-Output\ Compare1\ CH1=9
TIM2.Pulse-Output\ Compare3\ CH3=1
TIM2.Pulse-Output\ Compare4\ CH4=2
TIM3.AutoReloadPreload=TIM_AUTORELOAD_PRELOAD_DISABLE
TIM3.Channel-Output\ Compare1\ No\ Output=TIM_CHANNEL_1
TIM3.CounterMode=TIM_COUNTERMODE_CENTERALIGNED1
TIM3.IPParameters=Period,AutoReloadPreload,CounterMode,OCPolarity_1,Prescaler,TIM_MasterOutputTrigger,OCMode_1,Channel-Output Compare1 No Output,Pulse-Output Compare1 No Output
TIM3.OCMode_1=TIM_OCMODE_TOGGLE
TIM3.OCPolarity_1=TIM_OCPOLARITY_HIGH
TIM3.Period=1000-1
TIM3.Prescaler=4-1
TIM3.Pulse-Output\ Compare1\ No\ Output=10
TIM3.TIM_MasterOutputTrigger=TIM_TRGO_OC1REF
TIM4.Channel-PWM\ Generation1\ CH1=TIM_CHANNEL_1
TIM4.CounterMode=TIM_COUNTERMODE_CENTERALIGNED1
TIM4.IPParameters=Channel-PWM Generation1 CH1,Prescaler,CounterMode,Period,Pulse-PWM Generation1 CH1,OCPolarity_1
TIM4.OCPolarity_1=TIM_OCPOLARITY_HIGH
TIM4.Period=1000-1
TIM4.Prescaler=4-1
TIM4.Pulse-PWM\ Generation1\ CH1=0
USART3.BaudRate=921600
USART3.IPParameters=VirtualMode,BaudRate
USART3.VirtualMode=VM_ASYNC
VP_SYS_VS_Systick.Mode=SysTick
VP_SYS_VS_Systick.Signal=SYS_VS_Systick
VP_TIM2_VS_ClockSourceITR.Mode=TriggerSource_ITR2
VP_TIM2_VS_ClockSourceITR.Signal=TIM2_VS_ClockSourceITR
VP_TIM2_VS_ControllerModeClock.Mode=Clock Mode
VP_TIM2_VS_ControllerModeClock.Signal=TIM2_VS_ControllerModeClock
VP_TIM3_VS_ClockSourceITR.Mode=TriggerSource_ITR0
VP_TIM3_VS_ClockSourceITR.Signal=TIM3_VS_ClockSourceITR
VP_TIM3_VS_ControllerModeTrigger.Mode=Trigger Mode
VP_TIM3_VS_ControllerModeTrigger.Signal=TIM3_VS_ControllerModeTrigger
VP_TIM3_VS_no_output1.Mode=Output Compare1 No Output
VP_TIM3_VS_no_output1.Signal=TIM3_VS_no_output1
board=custom
isbadioc=false
